
Microsoft Visual Studio Solution File, Format Version 12.00
# Visual Studio Version 17
VisualStudioVersion = 17.0.31903.59
MinimumVisualStudioVersion = 10.0.40219.1
Project("{9A19103F-16F7-4668-BE54-9A1E7A4F7556}") = "Orleans.UrlShortner.Infrastructure", "Orleans.UrlShortner.Infrastructure\Orleans.UrlShortner.Infrastructure.csproj", "{75E41AC8-196D-44C2-81C7-237158175872}"
EndProject
Project("{9A19103F-16F7-4668-BE54-9A1E7A4F7556}") = "Orleans.UrlShortner", "Orleans.UrlShortner\Orleans.UrlShortner.csproj", "{0965F02A-F0F3-41E3-A00C-B57306C6A401}"
EndProject
Project("{2150E333-8FDC-42A3-9474-1A3956D46DE8}") = "src", "src", "{857D0DD6-D933-42B7-9A3B-695EDEFE89F9}"
EndProject
Project("{2150E333-8FDC-42A3-9474-1A3956D46DE8}") = "tests", "tests", "{AD06EF76-C0CB-4D64-A88E-DC078BF85118}"
EndProject
Project("{FAE04EC0-301F-11D3-BF4B-00C04F79EFBC}") = "Orleans.UrlShortner.Tests", "Orleans.UrlShortner.Tests\Orleans.UrlShortner.Tests.csproj", "{48F26743-CA9B-4C67-88E6-A7820275B92E}"
EndProject
Global
	GlobalSection(SolutionConfigurationPlatforms) = preSolution
		Debug|Any CPU = Debug|Any CPU
		Release|Any CPU = Release|Any CPU
	EndGlobalSection
	GlobalSection(ProjectConfigurationPlatforms) = postSolution
		{75E41AC8-196D-44C2-81C7-237158175872}.Debug|Any CPU.ActiveCfg = Debug|Any CPU
		{75E41AC8-196D-44C2-81C7-237158175872}.Debug|Any CPU.Build.0 = Debug|Any CPU
		{75E41AC8-196D-44C2-81C7-237158175872}.Release|Any CPU.ActiveCfg = Release|Any CPU
		{75E41AC8-196D-44C2-81C7-237158175872}.Release|Any CPU.Build.0 = Release|Any CPU
		{0965F02A-F0F3-41E3-A00C-B57306C6A401}.Debug|Any CPU.ActiveCfg = Debug|Any CPU
		{0965F02A-F0F3-41E3-A00C-B57306C6A401}.Debug|Any CPU.Build.0 = Debug|Any CPU
		{0965F02A-F0F3-41E3-A00C-B57306C6A401}.Release|Any CPU.ActiveCfg = Release|Any CPU
		{0965F02A-F0F3-41E3-A00C-B57306C6A401}.Release|Any CPU.Build.0 = Release|Any CPU
		{48F26743-CA9B-4C67-88E6-A7820275B92E}.Debug|Any CPU.ActiveCfg = Debug|Any CPU
		{48F26743-CA9B-4C67-88E6-A7820275B92E}.Debug|Any CPU.Build.0 = Debug|Any CPU
		{48F26743-CA9B-4C67-88E6-A7820275B92E}.Release|Any CPU.ActiveCfg = Release|Any CPU
		{48F26743-CA9B-4C67-88E6-A7820275B92E}.Release|Any CPU.Build.0 = Release|Any CPU
	EndGlobalSection
	GlobalSection(SolutionProperties) = preSolution
		HideSolutionNode = FALSE
	EndGlobalSection
	GlobalSection(NestedProjects) = preSolution
		{75E41AC8-196D-44C2-81C7-237158175872} = {857D0DD6-D933-42B7-9A3B-695EDEFE89F9}
		{0965F02A-F0F3-41E3-A00C-B57306C6A401} = {857D0DD6-D933-42B7-9A3B-695EDEFE89F9}
		{48F26743-CA9B-4C67-88E6-A7820275B92E} = {AD06EF76-C0CB-4D64-A88E-DC078BF85118}
	EndGlobalSection
	GlobalSection(ExtensibilityGlobals) = postSolution
		SolutionGuid = {318BB045-E41B-4C6B-A7A5-B14F94D25054}
	EndGlobalSection
EndGlobal
